// !$*UTF8*$!
{
	archiveVersion = 1;
	classes = {
	};
	objectVersion = 50;
	objects = {

/* Begin PBXBuildFile section */
		5595BFEF268B850100DD73F6 /* DubDubGrubApp.swift in Sources */ = {isa = PBXBuildFile; fileRef = 5595BFEE268B850100DD73F6 /* DubDubGrubApp.swift */; };
		5595BFF3268B850200DD73F6 /* Assets.xcassets in Resources */ = {isa = PBXBuildFile; fileRef = 5595BFF2268B850200DD73F6 /* Assets.xcassets */; };
		5595BFF6268B850200DD73F6 /* Preview Assets.xcassets in Resources */ = {isa = PBXBuildFile; fileRef = 5595BFF5268B850200DD73F6 /* Preview Assets.xcassets */; };
		5595C000268B855F00DD73F6 /* CloudKit.framework in Frameworks */ = {isa = PBXBuildFile; fileRef = 5595BFFF268B855F00DD73F6 /* CloudKit.framework */; };
		5595C002268B865B00DD73F6 /* Color+Ext.swift in Sources */ = {isa = PBXBuildFile; fileRef = 5595C001268B865B00DD73F6 /* Color+Ext.swift */; };
		5595C004268B86CC00DD73F6 /* AppTabView.swift in Sources */ = {isa = PBXBuildFile; fileRef = 5595C003268B86CC00DD73F6 /* AppTabView.swift */; };
		5595C006268B86ED00DD73F6 /* LocationMapView.swift in Sources */ = {isa = PBXBuildFile; fileRef = 5595C005268B86ED00DD73F6 /* LocationMapView.swift */; };
		5595C008268B86F800DD73F6 /* LocationListView.swift in Sources */ = {isa = PBXBuildFile; fileRef = 5595C007268B86F800DD73F6 /* LocationListView.swift */; };
		5595C00A268B870500DD73F6 /* ProfileView.swift in Sources */ = {isa = PBXBuildFile; fileRef = 5595C009268B870500DD73F6 /* ProfileView.swift */; };
		5595C00C268BA16D00DD73F6 /* LocationDetailView.swift in Sources */ = {isa = PBXBuildFile; fileRef = 5595C00B268BA16D00DD73F6 /* LocationDetailView.swift */; };
		5595C00E268CF5B900DD73F6 /* LocationCell.swift in Sources */ = {isa = PBXBuildFile; fileRef = 5595C00D268CF5B900DD73F6 /* LocationCell.swift */; };
		5595C010268CF5E200DD73F6 /* AvatarView.swift in Sources */ = {isa = PBXBuildFile; fileRef = 5595C00F268CF5E200DD73F6 /* AvatarView.swift */; };
		5595C012268CF93D00DD73F6 /* CustomModifiers.swift in Sources */ = {isa = PBXBuildFile; fileRef = 5595C011268CF93D00DD73F6 /* CustomModifiers.swift */; };
		5595C014268CF98800DD73F6 /* View+Ext.swift in Sources */ = {isa = PBXBuildFile; fileRef = 5595C013268CF98800DD73F6 /* View+Ext.swift */; };
		5595C016268CFAB800DD73F6 /* DDGButton.swift in Sources */ = {isa = PBXBuildFile; fileRef = 5595C015268CFAB800DD73F6 /* DDGButton.swift */; };
		5595C01E268E83B400DD73F6 /* DDGLocation.swift in Sources */ = {isa = PBXBuildFile; fileRef = 5595C01D268E83B400DD73F6 /* DDGLocation.swift */; };
		5595C0202690AFC300DD73F6 /* DDGProfile.swift in Sources */ = {isa = PBXBuildFile; fileRef = 5595C01F2690AFC300DD73F6 /* DDGProfile.swift */; };
		5595C0222690B2C200DD73F6 /* MockData.swift in Sources */ = {isa = PBXBuildFile; fileRef = 5595C0212690B2C200DD73F6 /* MockData.swift */; };
		55B9E00B26938BD300EB02C0 /* CloudKitManager.swift in Sources */ = {isa = PBXBuildFile; fileRef = 55B9E00A26938BD300EB02C0 /* CloudKitManager.swift */; };
		55B9E00D26938D4500EB02C0 /* Constants.swift in Sources */ = {isa = PBXBuildFile; fileRef = 55B9E00C26938D4500EB02C0 /* Constants.swift */; };
		55B9E00F2693922300EB02C0 /* CKRecors+Ext.swift in Sources */ = {isa = PBXBuildFile; fileRef = 55B9E00E2693922300EB02C0 /* CKRecors+Ext.swift */; };
/* End PBXBuildFile section */

/* Begin PBXFileReference section */
		5595BFEB268B850100DD73F6 /* DubDubGrub.app */ = {isa = PBXFileReference; explicitFileType = wrapper.application; includeInIndex = 0; path = DubDubGrub.app; sourceTree = BUILT_PRODUCTS_DIR; };
		5595BFEE268B850100DD73F6 /* DubDubGrubApp.swift */ = {isa = PBXFileReference; lastKnownFileType = sourcecode.swift; path = DubDubGrubApp.swift; sourceTree = "<group>"; };
		5595BFF2268B850200DD73F6 /* Assets.xcassets */ = {isa = PBXFileReference; lastKnownFileType = folder.assetcatalog; path = Assets.xcassets; sourceTree = "<group>"; };
		5595BFF5268B850200DD73F6 /* Preview Assets.xcassets */ = {isa = PBXFileReference; lastKnownFileType = folder.assetcatalog; path = "Preview Assets.xcassets"; sourceTree = "<group>"; };
		5595BFF7268B850200DD73F6 /* Info.plist */ = {isa = PBXFileReference; lastKnownFileType = text.plist.xml; path = Info.plist; sourceTree = "<group>"; };
		5595BFFD268B855800DD73F6 /* DubDubGrub.entitlements */ = {isa = PBXFileReference; lastKnownFileType = text.plist.entitlements; path = DubDubGrub.entitlements; sourceTree = "<group>"; };
		5595BFFF268B855F00DD73F6 /* CloudKit.framework */ = {isa = PBXFileReference; lastKnownFileType = wrapper.framework; name = CloudKit.framework; path = System/Library/Frameworks/CloudKit.framework; sourceTree = SDKROOT; };
		5595C001268B865B00DD73F6 /* Color+Ext.swift */ = {isa = PBXFileReference; lastKnownFileType = sourcecode.swift; path = "Color+Ext.swift"; sourceTree = "<group>"; };
		5595C003268B86CC00DD73F6 /* AppTabView.swift */ = {isa = PBXFileReference; lastKnownFileType = sourcecode.swift; path = AppTabView.swift; sourceTree = "<group>"; };
		5595C005268B86ED00DD73F6 /* LocationMapView.swift */ = {isa = PBXFileReference; lastKnownFileType = sourcecode.swift; path = LocationMapView.swift; sourceTree = "<group>"; };
		5595C007268B86F800DD73F6 /* LocationListView.swift */ = {isa = PBXFileReference; lastKnownFileType = sourcecode.swift; path = LocationListView.swift; sourceTree = "<group>"; };
		5595C009268B870500DD73F6 /* ProfileView.swift */ = {isa = PBXFileReference; lastKnownFileType = sourcecode.swift; path = ProfileView.swift; sourceTree = "<group>"; };
		5595C00B268BA16D00DD73F6 /* LocationDetailView.swift */ = {isa = PBXFileReference; lastKnownFileType = sourcecode.swift; path = LocationDetailView.swift; sourceTree = "<group>"; };
		5595C00D268CF5B900DD73F6 /* LocationCell.swift */ = {isa = PBXFileReference; lastKnownFileType = sourcecode.swift; path = LocationCell.swift; sourceTree = "<group>"; };
		5595C00F268CF5E200DD73F6 /* AvatarView.swift */ = {isa = PBXFileReference; lastKnownFileType = sourcecode.swift; path = AvatarView.swift; sourceTree = "<group>"; };
		5595C011268CF93D00DD73F6 /* CustomModifiers.swift */ = {isa = PBXFileReference; lastKnownFileType = sourcecode.swift; path = CustomModifiers.swift; sourceTree = "<group>"; };
		5595C013268CF98800DD73F6 /* View+Ext.swift */ = {isa = PBXFileReference; lastKnownFileType = sourcecode.swift; path = "View+Ext.swift"; sourceTree = "<group>"; };
		5595C015268CFAB800DD73F6 /* DDGButton.swift */ = {isa = PBXFileReference; lastKnownFileType = sourcecode.swift; path = DDGButton.swift; sourceTree = "<group>"; };
		5595C01D268E83B400DD73F6 /* DDGLocation.swift */ = {isa = PBXFileReference; lastKnownFileType = sourcecode.swift; path = DDGLocation.swift; sourceTree = "<group>"; };
		5595C01F2690AFC300DD73F6 /* DDGProfile.swift */ = {isa = PBXFileReference; lastKnownFileType = sourcecode.swift; path = DDGProfile.swift; sourceTree = "<group>"; };
		5595C0212690B2C200DD73F6 /* MockData.swift */ = {isa = PBXFileReference; lastKnownFileType = sourcecode.swift; path = MockData.swift; sourceTree = "<group>"; };
		55B9E00A26938BD300EB02C0 /* CloudKitManager.swift */ = {isa = PBXFileReference; lastKnownFileType = sourcecode.swift; path = CloudKitManager.swift; sourceTree = "<group>"; };
		55B9E00C26938D4500EB02C0 /* Constants.swift */ = {isa = PBXFileReference; lastKnownFileType = sourcecode.swift; path = Constants.swift; sourceTree = "<group>"; };
		55B9E00E2693922300EB02C0 /* CKRecors+Ext.swift */ = {isa = PBXFileReference; lastKnownFileType = sourcecode.swift; path = "CKRecors+Ext.swift"; sourceTree = "<group>"; };
/* End PBXFileReference section */

/* Begin PBXFrameworksBuildPhase section */
		5595BFE8268B850100DD73F6 /* Frameworks */ = {
			isa = PBXFrameworksBuildPhase;
			buildActionMask = 2147483647;
			files = (
				5595C000268B855F00DD73F6 /* CloudKit.framework in Frameworks */,
			);
			runOnlyForDeploymentPostprocessing = 0;
		};
/* End PBXFrameworksBuildPhase section */

/* Begin PBXGroup section */
		5595BFE2268B850100DD73F6 = {
			isa = PBXGroup;
			children = (
				5595BFED268B850100DD73F6 /* DubDubGrub */,
				5595BFEC268B850100DD73F6 /* Products */,
				5595BFFE268B855F00DD73F6 /* Frameworks */,
			);
			sourceTree = "<group>";
		};
		5595BFEC268B850100DD73F6 /* Products */ = {
			isa = PBXGroup;
			children = (
				5595BFEB268B850100DD73F6 /* DubDubGrub.app */,
			);
			name = Products;
			sourceTree = "<group>";
		};
		5595BFED268B850100DD73F6 /* DubDubGrub */ = {
			isa = PBXGroup;
			children = (
				5595BFFD268B855800DD73F6 /* DubDubGrub.entitlements */,
				5595BFEE268B850100DD73F6 /* DubDubGrubApp.swift */,
				55B9E009269361A400EB02C0 /* Utilties */,
				5595C01C268E839200DD73F6 /* Model */,
				5595C018268CFD0D00DD73F6 /* Views */,
				5595BFF2268B850200DD73F6 /* Assets.xcassets */,
				5595BFF7268B850200DD73F6 /* Info.plist */,
				5595BFF4268B850200DD73F6 /* Preview Content */,
			);
			path = DubDubGrub;
			sourceTree = "<group>";
		};
		5595BFF4268B850200DD73F6 /* Preview Content */ = {
			isa = PBXGroup;
			children = (
				5595BFF5268B850200DD73F6 /* Preview Assets.xcassets */,
			);
			path = "Preview Content";
			sourceTree = "<group>";
		};
		5595BFFE268B855F00DD73F6 /* Frameworks */ = {
			isa = PBXGroup;
			children = (
				5595BFFF268B855F00DD73F6 /* CloudKit.framework */,
			);
			name = Frameworks;
			sourceTree = "<group>";
		};
		5595C017268CFCD400DD73F6 /* Extensions */ = {
			isa = PBXGroup;
			children = (
				5595C001268B865B00DD73F6 /* Color+Ext.swift */,
				5595C013268CF98800DD73F6 /* View+Ext.swift */,
				55B9E00E2693922300EB02C0 /* CKRecors+Ext.swift */,
			);
			path = Extensions;
			sourceTree = "<group>";
		};
		5595C018268CFD0D00DD73F6 /* Views */ = {
			isa = PBXGroup;
			children = (
				5595C011268CF93D00DD73F6 /* CustomModifiers.swift */,
				5595C019268CFD2500DD73F6 /* Screens */,
				5595C01A268CFD5500DD73F6 /* Cells */,
				5595C01B268CFD7C00DD73F6 /* CustomViews */,
			);
			path = Views;
			sourceTree = "<group>";
		};
		5595C019268CFD2500DD73F6 /* Screens */ = {
			isa = PBXGroup;
			children = (
				5595C003268B86CC00DD73F6 /* AppTabView.swift */,
				5595C005268B86ED00DD73F6 /* LocationMapView.swift */,
				5595C007268B86F800DD73F6 /* LocationListView.swift */,
				5595C00B268BA16D00DD73F6 /* LocationDetailView.swift */,
				5595C009268B870500DD73F6 /* ProfileView.swift */,
			);
			path = Screens;
			sourceTree = "<group>";
		};
		5595C01A268CFD5500DD73F6 /* Cells */ = {
			isa = PBXGroup;
			children = (
				5595C00D268CF5B900DD73F6 /* LocationCell.swift */,
			);
			path = Cells;
			sourceTree = "<group>";
		};
		5595C01B268CFD7C00DD73F6 /* CustomViews */ = {
			isa = PBXGroup;
			children = (
				5595C00F268CF5E200DD73F6 /* AvatarView.swift */,
				5595C015268CFAB800DD73F6 /* DDGButton.swift */,
			);
			path = CustomViews;
			sourceTree = "<group>";
		};
		5595C01C268E839200DD73F6 /* Model */ = {
			isa = PBXGroup;
			children = (
				5595C01D268E83B400DD73F6 /* DDGLocation.swift */,
				5595C01F2690AFC300DD73F6 /* DDGProfile.swift */,
				5595C0212690B2C200DD73F6 /* MockData.swift */,
			);
			path = Model;
			sourceTree = "<group>";
		};
		55B9E009269361A400EB02C0 /* Utilties */ = {
			isa = PBXGroup;
			children = (
				5595C017268CFCD400DD73F6 /* Extensions */,
				55B9E00A26938BD300EB02C0 /* CloudKitManager.swift */,
				55B9E00C26938D4500EB02C0 /* Constants.swift */,
			);
			path = Utilties;
			sourceTree = "<group>";
		};
/* End PBXGroup section */

/* Begin PBXNativeTarget section */
		5595BFEA268B850100DD73F6 /* DubDubGrub */ = {
			isa = PBXNativeTarget;
			buildConfigurationList = 5595BFFA268B850200DD73F6 /* Build configuration list for PBXNativeTarget "DubDubGrub" */;
			buildPhases = (
				5595BFE7268B850100DD73F6 /* Sources */,
				5595BFE8268B850100DD73F6 /* Frameworks */,
				5595BFE9268B850100DD73F6 /* Resources */,
			);
			buildRules = (
			);
			dependencies = (
			);
			name = DubDubGrub;
			productName = DubDubGrub;
			productReference = 5595BFEB268B850100DD73F6 /* DubDubGrub.app */;
			productType = "com.apple.product-type.application";
		};
/* End PBXNativeTarget section */

/* Begin PBXProject section */
		5595BFE3268B850100DD73F6 /* Project object */ = {
			isa = PBXProject;
			attributes = {
				LastSwiftUpdateCheck = 1250;
				LastUpgradeCheck = 1250;
				TargetAttributes = {
					5595BFEA268B850100DD73F6 = {
						CreatedOnToolsVersion = 12.5.1;
					};
				};
			};
			buildConfigurationList = 5595BFE6268B850100DD73F6 /* Build configuration list for PBXProject "DubDubGrub" */;
			compatibilityVersion = "Xcode 9.3";
			developmentRegion = en;
			hasScannedForEncodings = 0;
			knownRegions = (
				en,
				Base,
			);
			mainGroup = 5595BFE2268B850100DD73F6;
			productRefGroup = 5595BFEC268B850100DD73F6 /* Products */;
			projectDirPath = "";
			projectRoot = "";
			targets = (
				5595BFEA268B850100DD73F6 /* DubDubGrub */,
			);
		};
/* End PBXProject section */

/* Begin PBXResourcesBuildPhase section */
		5595BFE9268B850100DD73F6 /* Resources */ = {
			isa = PBXResourcesBuildPhase;
			buildActionMask = 2147483647;
			files = (
				5595BFF6268B850200DD73F6 /* Preview Assets.xcassets in Resources */,
				5595BFF3268B850200DD73F6 /* Assets.xcassets in Resources */,
			);
			runOnlyForDeploymentPostprocessing = 0;
		};
/* End PBXResourcesBuildPhase section */

/* Begin PBXSourcesBuildPhase section */
		5595BFE7268B850100DD73F6 /* Sources */ = {
			isa = PBXSourcesBuildPhase;
			buildActionMask = 2147483647;
			files = (
				5595C004268B86CC00DD73F6 /* AppTabView.swift in Sources */,
				55B9E00D26938D4500EB02C0 /* Constants.swift in Sources */,
				5595C012268CF93D00DD73F6 /* CustomModifiers.swift in Sources */,
				5595C008268B86F800DD73F6 /* LocationListView.swift in Sources */,
				5595BFEF268B850100DD73F6 /* DubDubGrubApp.swift in Sources */,
				5595C0222690B2C200DD73F6 /* MockData.swift in Sources */,
				5595C00C268BA16D00DD73F6 /* LocationDetailView.swift in Sources */,
				5595C0202690AFC300DD73F6 /* DDGProfile.swift in Sources */,
				5595C01E268E83B400DD73F6 /* DDGLocation.swift in Sources */,
				5595C006268B86ED00DD73F6 /* LocationMapView.swift in Sources */,
				5595C00A268B870500DD73F6 /* ProfileView.swift in Sources */,
				55B9E00B26938BD300EB02C0 /* CloudKitManager.swift in Sources */,
				5595C014268CF98800DD73F6 /* View+Ext.swift in Sources */,
				55B9E00F2693922300EB02C0 /* CKRecors+Ext.swift in Sources */,
				5595C00E268CF5B900DD73F6 /* LocationCell.swift in Sources */,
				5595C016268CFAB800DD73F6 /* DDGButton.swift in Sources */,
				5595C010268CF5E200DD73F6 /* AvatarView.swift in Sources */,
				5595C002268B865B00DD73F6 /* Color+Ext.swift in Sources */,
			);
			runOnlyForDeploymentPostprocessing = 0;
		};
/* End PBXSourcesBuildPhase section */

/* Begin XCBuildConfiguration section */
		5595BFF8268B850200DD73F6 /* Debug */ = {
			isa = XCBuildConfiguration;
			buildSettings = {
				ALWAYS_SEARCH_USER_PATHS = NO;
				CLANG_ANALYZER_NONNULL = YES;
				CLANG_ANALYZER_NUMBER_OBJECT_CONVERSION = YES_AGGRESSIVE;
				CLANG_CXX_LANGUAGE_STANDARD = "gnu++14";
				CLANG_CXX_LIBRARY = "libc++";
				CLANG_ENABLE_MODULES = YES;
				CLANG_ENABLE_OBJC_ARC = YES;
				CLANG_ENABLE_OBJC_WEAK = YES;
				CLANG_WARN_BLOCK_CAPTURE_AUTORELEASING = YES;
				CLANG_WARN_BOOL_CONVERSION = YES;
				CLANG_WARN_COMMA = YES;
				CLANG_WARN_CONSTANT_CONVERSION = YES;
				CLANG_WARN_DEPRECATED_OBJC_IMPLEMENTATIONS = YES;
				CLANG_WARN_DIRECT_OBJC_ISA_USAGE = YES_ERROR;
				CLANG_WARN_DOCUMENTATION_COMMENTS = YES;
				CLANG_WARN_EMPTY_BODY = YES;
				CLANG_WARN_ENUM_CONVERSION = YES;
				CLANG_WARN_INFINITE_RECURSION = YES;
				CLANG_WARN_INT_CONVERSION = YES;
				CLANG_WARN_NON_LITERAL_NULL_CONVERSION = YES;
				CLANG_WARN_OBJC_IMPLICIT_RETAIN_SELF = YES;
				CLANG_WARN_OBJC_LITERAL_CONVERSION = YES;
				CLANG_WARN_OBJC_ROOT_CLASS = YES_ERROR;
				CLANG_WARN_QUOTED_INCLUDE_IN_FRAMEWORK_HEADER = YES;
				CLANG_WARN_RANGE_LOOP_ANALYSIS = YES;
				CLANG_WARN_STRICT_PROTOTYPES = YES;
				CLANG_WARN_SUSPICIOUS_MOVE = YES;
				CLANG_WARN_UNGUARDED_AVAILABILITY = YES_AGGRESSIVE;
				CLANG_WARN_UNREACHABLE_CODE = YES;
				CLANG_WARN__DUPLICATE_METHOD_MATCH = YES;
				COPY_PHASE_STRIP = NO;
				DEBUG_INFORMATION_FORMAT = dwarf;
				ENABLE_STRICT_OBJC_MSGSEND = YES;
				ENABLE_TESTABILITY = YES;
				GCC_C_LANGUAGE_STANDARD = gnu11;
				GCC_DYNAMIC_NO_PIC = NO;
				GCC_NO_COMMON_BLOCKS = YES;
				GCC_OPTIMIZATION_LEVEL = 0;
				GCC_PREPROCESSOR_DEFINITIONS = (
					"DEBUG=1",
					"$(inherited)",
				);
				GCC_WARN_64_TO_32_BIT_CONVERSION = YES;
				GCC_WARN_ABOUT_RETURN_TYPE = YES_ERROR;
				GCC_WARN_UNDECLARED_SELECTOR = YES;
				GCC_WARN_UNINITIALIZED_AUTOS = YES_AGGRESSIVE;
				GCC_WARN_UNUSED_FUNCTION = YES;
				GCC_WARN_UNUSED_VARIABLE = YES;
				IPHONEOS_DEPLOYMENT_TARGET = 14.5;
				MTL_ENABLE_DEBUG_INFO = INCLUDE_SOURCE;
				MTL_FAST_MATH = YES;
				ONLY_ACTIVE_ARCH = YES;
				SDKROOT = iphoneos;
				SWIFT_ACTIVE_COMPILATION_CONDITIONS = DEBUG;
				SWIFT_OPTIMIZATION_LEVEL = "-Onone";
			};
			name = Debug;
		};
		5595BFF9268B850200DD73F6 /* Release */ = {
			isa = XCBuildConfiguration;
			buildSettings = {
				ALWAYS_SEARCH_USER_PATHS = NO;
				CLANG_ANALYZER_NONNULL = YES;
				CLANG_ANALYZER_NUMBER_OBJECT_CONVERSION = YES_AGGRESSIVE;
				CLANG_CXX_LANGUAGE_STANDARD = "gnu++14";
				CLANG_CXX_LIBRARY = "libc++";
				CLANG_ENABLE_MODULES = YES;
				CLANG_ENABLE_OBJC_ARC = YES;
				CLANG_ENABLE_OBJC_WEAK = YES;
				CLANG_WARN_BLOCK_CAPTURE_AUTORELEASING = YES;
				CLANG_WARN_BOOL_CONVERSION = YES;
				CLANG_WARN_COMMA = YES;
				CLANG_WARN_CONSTANT_CONVERSION = YES;
				CLANG_WARN_DEPRECATED_OBJC_IMPLEMENTATIONS = YES;
				CLANG_WARN_DIRECT_OBJC_ISA_USAGE = YES_ERROR;
				CLANG_WARN_DOCUMENTATION_COMMENTS = YES;
				CLANG_WARN_EMPTY_BODY = YES;
				CLANG_WARN_ENUM_CONVERSION = YES;
				CLANG_WARN_INFINITE_RECURSION = YES;
				CLANG_WARN_INT_CONVERSION = YES;
				CLANG_WARN_NON_LITERAL_NULL_CONVERSION = YES;
				CLANG_WARN_OBJC_IMPLICIT_RETAIN_SELF = YES;
				CLANG_WARN_OBJC_LITERAL_CONVERSION = YES;
				CLANG_WARN_OBJC_ROOT_CLASS = YES_ERROR;
				CLANG_WARN_QUOTED_INCLUDE_IN_FRAMEWORK_HEADER = YES;
				CLANG_WARN_RANGE_LOOP_ANALYSIS = YES;
				CLANG_WARN_STRICT_PROTOTYPES = YES;
				CLANG_WARN_SUSPICIOUS_MOVE = YES;
				CLANG_WARN_UNGUARDED_AVAILABILITY = YES_AGGRESSIVE;
				CLANG_WARN_UNREACHABLE_CODE = YES;
				CLANG_WARN__DUPLICATE_METHOD_MATCH = YES;
				COPY_PHASE_STRIP = NO;
				DEBUG_INFORMATION_FORMAT = "dwarf-with-dsym";
				ENABLE_NS_ASSERTIONS = NO;
				ENABLE_STRICT_OBJC_MSGSEND = YES;
				GCC_C_LANGUAGE_STANDARD = gnu11;
				GCC_NO_COMMON_BLOCKS = YES;
				GCC_WARN_64_TO_32_BIT_CONVERSION = YES;
				GCC_WARN_ABOUT_RETURN_TYPE = YES_ERROR;
				GCC_WARN_UNDECLARED_SELECTOR = YES;
				GCC_WARN_UNINITIALIZED_AUTOS = YES_AGGRESSIVE;
				GCC_WARN_UNUSED_FUNCTION = YES;
				GCC_WARN_UNUSED_VARIABLE = YES;
				IPHONEOS_DEPLOYMENT_TARGET = 14.5;
				MTL_ENABLE_DEBUG_INFO = NO;
				MTL_FAST_MATH = YES;
				SDKROOT = iphoneos;
				SWIFT_COMPILATION_MODE = wholemodule;
				SWIFT_OPTIMIZATION_LEVEL = "-O";
				VALIDATE_PRODUCT = YES;
			};
			name = Release;
		};
		5595BFFB268B850200DD73F6 /* Debug */ = {
			isa = XCBuildConfiguration;
			buildSettings = {
				ASSETCATALOG_COMPILER_APPICON_NAME = AppIcon;
				ASSETCATALOG_COMPILER_GLOBAL_ACCENT_COLOR_NAME = AccentColor;
				CODE_SIGN_ENTITLEMENTS = DubDubGrub/DubDubGrub.entitlements;
				CODE_SIGN_STYLE = Automatic;
				DEVELOPMENT_ASSET_PATHS = "\"DubDubGrub/Preview Content\"";
				DEVELOPMENT_TEAM = 6JBM5ZNF6C;
				ENABLE_PREVIEWS = YES;
				INFOPLIST_FILE = DubDubGrub/Info.plist;
				IPHONEOS_DEPLOYMENT_TARGET = 14.0;
				LD_RUNPATH_SEARCH_PATHS = (
					"$(inherited)",
					"@executable_path/Frameworks",
				);
				PRODUCT_BUNDLE_IDENTIFIER = com.Swifttom.DubDubGrub;
				PRODUCT_NAME = "$(TARGET_NAME)";
				SWIFT_VERSION = 5.0;
				TARGETED_DEVICE_FAMILY = "1,2";
			};
			name = Debug;
		};
		5595BFFC268B850200DD73F6 /* Release */ = {
			isa = XCBuildConfiguration;
			buildSettings = {
				ASSETCATALOG_COMPILER_APPICON_NAME = AppIcon;
				ASSETCATALOG_COMPILER_GLOBAL_ACCENT_COLOR_NAME = AccentColor;
				CODE_SIGN_ENTITLEMENTS = DubDubGrub/DubDubGrub.entitlements;
				CODE_SIGN_STYLE = Automatic;
				DEVELOPMENT_ASSET_PATHS = "\"DubDubGrub/Preview Content\"";
				DEVELOPMENT_TEAM = 6JBM5ZNF6C;
				ENABLE_PREVIEWS = YES;
				INFOPLIST_FILE = DubDubGrub/Info.plist;
				IPHONEOS_DEPLOYMENT_TARGET = 14.0;
				LD_RUNPATH_SEARCH_PATHS = (
					"$(inherited)",
					"@executable_path/Frameworks",
				);
				PRODUCT_BUNDLE_IDENTIFIER = com.Swifttom.DubDubGrub;
				PRODUCT_NAME = "$(TARGET_NAME)";
				SWIFT_VERSION = 5.0;
				TARGETED_DEVICE_FAMILY = "1,2";
			};
			name = Release;
		};
/* End XCBuildConfiguration section */

/* Begin XCConfigurationList section */
		5595BFE6268B850100DD73F6 /* Build configuration list for PBXProject "DubDubGrub" */ = {
			isa = XCConfigurationList;
			buildConfigurations = (
				5595BFF8268B850200DD73F6 /* Debug */,
				5595BFF9268B850200DD73F6 /* Release */,
			);
			defaultConfigurationIsVisible = 0;
			defaultConfigurationName = Release;
		};
		5595BFFA268B850200DD73F6 /* Build configuration list for PBXNativeTarget "DubDubGrub" */ = {
			isa = XCConfigurationList;
			buildConfigurations = (
				5595BFFB268B850200DD73F6 /* Debug */,
				5595BFFC268B850200DD73F6 /* Release */,
			);
			defaultConfigurationIsVisible = 0;
			defaultConfigurationName = Release;
		};
/* End XCConfigurationList section */
	};
	rootObject = 5595BFE3268B850100DD73F6 /* Project object */;
}
